
Microsoft Visual Studio Solution File, Format Version 12.00
# Visual Studio Version 17
VisualStudioVersion = 17.11.35312.102
MinimumVisualStudioVersion = 10.0.40219.1
Project("{9A19103F-16F7-4668-BE54-9A1E7A4F7556}") = "BulkyWeb", "BulkyWeb\BulkyWeb.csproj", "{7EAD0323-69DD-4A11-8B95-6E8A879C7A4B}"
EndProject
Project("{9A19103F-16F7-4668-BE54-9A1E7A4F7556}") = "BulkyWebRazor_Temp", "BulkyWebRazor_Temp\BulkyWebRazor_Temp.csproj", "{81602273-D4CE-41C1-A0BB-1A22541E79FE}"
EndProject
Project("{FAE04EC0-301F-11D3-BF4B-00C04F79EFBC}") = "Bulky.DataAccess", "Bulky.DataAccess\Bulky.DataAccess.csproj", "{8FDC3BAD-1431-41D9-BB01-D77035683410}"
EndProject
Project("{FAE04EC0-301F-11D3-BF4B-00C04F79EFBC}") = "Bulky.Models", "Bulky.Models\Bulky.Models.csproj", "{28CF8558-A51F-4306-BA83-E00E3AABD149}"
EndProject
Project("{FAE04EC0-301F-11D3-BF4B-00C04F79EFBC}") = "Bulky.Utility", "Bulky.Utility\Bulky.Utility.csproj", "{86777CB9-1178-4E5D-95F6-DDDC26B79503}"
EndProject
Global
	GlobalSection(SolutionConfigurationPlatforms) = preSolution
		Debug|Any CPU = Debug|Any CPU
		Release|Any CPU = Release|Any CPU
	EndGlobalSection
	GlobalSection(ProjectConfigurationPlatforms) = postSolution
		{7EAD0323-69DD-4A11-8B95-6E8A879C7A4B}.Debug|Any CPU.ActiveCfg = Debug|Any CPU
		{7EAD0323-69DD-4A11-8B95-6E8A879C7A4B}.Debug|Any CPU.Build.0 = Debug|Any CPU
		{7EAD0323-69DD-4A11-8B95-6E8A879C7A4B}.Release|Any CPU.ActiveCfg = Release|Any CPU
		{7EAD0323-69DD-4A11-8B95-6E8A879C7A4B}.Release|Any CPU.Build.0 = Release|Any CPU
		{81602273-D4CE-41C1-A0BB-1A22541E79FE}.Debug|Any CPU.ActiveCfg = Debug|Any CPU
		{81602273-D4CE-41C1-A0BB-1A22541E79FE}.Debug|Any CPU.Build.0 = Debug|Any CPU
		{81602273-D4CE-41C1-A0BB-1A22541E79FE}.Release|Any CPU.ActiveCfg = Release|Any CPU
		{81602273-D4CE-41C1-A0BB-1A22541E79FE}.Release|Any CPU.Build.0 = Release|Any CPU
		{8FDC3BAD-1431-41D9-BB01-D77035683410}.Debug|Any CPU.ActiveCfg = Debug|Any CPU
		{8FDC3BAD-1431-41D9-BB01-D77035683410}.Debug|Any CPU.Build.0 = Debug|Any CPU
		{8FDC3BAD-1431-41D9-BB01-D77035683410}.Release|Any CPU.ActiveCfg = Release|Any CPU
		{8FDC3BAD-1431-41D9-BB01-D77035683410}.Release|Any CPU.Build.0 = Release|Any CPU
		{28CF8558-A51F-4306-BA83-E00E3AABD149}.Debug|Any CPU.ActiveCfg = Debug|Any CPU
		{28CF8558-A51F-4306-BA83-E00E3AABD149}.Debug|Any CPU.Build.0 = Debug|Any CPU
		{28CF8558-A51F-4306-BA83-E00E3AABD149}.Release|Any CPU.ActiveCfg = Release|Any CPU
		{28CF8558-A51F-4306-BA83-E00E3AABD149}.Release|Any CPU.Build.0 = Release|Any CPU
		{86777CB9-1178-4E5D-95F6-DDDC26B79503}.Debug|Any CPU.ActiveCfg = Debug|Any CPU
		{86777CB9-1178-4E5D-95F6-DDDC26B79503}.Debug|Any CPU.Build.0 = Debug|Any CPU
		{86777CB9-1178-4E5D-95F6-DDDC26B79503}.Release|Any CPU.ActiveCfg = Release|Any CPU
		{86777CB9-1178-4E5D-95F6-DDDC26B79503}.Release|Any CPU.Build.0 = Release|Any CPU
	EndGlobalSection
	GlobalSection(SolutionProperties) = preSolution
		HideSolutionNode = FALSE
	EndGlobalSection
	GlobalSection(ExtensibilityGlobals) = postSolution
		SolutionGuid = {2BA2E814-6C77-40C5-B248-7B6655D25F80}
	EndGlobalSection
EndGlobal
